<?xml version="1.0" encoding="utf-8"?>
<Project ToolsVersion="4.0" xmlns="http://schemas.microsoft.com/developer/msbuild/2003">
  <ItemGroup>
    <ClCompile Include="HID\GamePad.cpp" />
    <ClCompile Include="math\Math.cpp" />
    <ClCompile Include="math\Matrix.cpp" />
    <ClCompile Include="math\Vector.cpp" />
    <ClCompile Include="tkFile\TkaFile.cpp" />
    <ClCompile Include="tkFile\TkmFile.cpp" />
    <ClCompile Include="tkFile\TksFile.cpp" />
    <ClCompile Include="graphics\Camera.cpp" />
    <ClCompile Include="graphics\ConstantBuffer.cpp" />
    <ClCompile Include="graphics\DescriptorHeap.cpp" />
    <ClCompile Include="graphics\GraphicsEngine.cpp" />
    <ClCompile Include="graphics\IndexBuffer.cpp" />
    <ClCompile Include="graphics\Material.cpp" />
    <ClCompile Include="graphics\MeshParts.cpp" />
    <ClCompile Include="graphics\Model.cpp" />
    <ClCompile Include="graphics\PipelineState.cpp" />
    <ClCompile Include="graphics\RootSignature.cpp" />
    <ClCompile Include="graphics\RWStructuredBuffer.cpp" />
    <ClCompile Include="graphics\Shader.cpp" />
    <ClCompile Include="graphics\Skeleton.cpp" />
    <ClCompile Include="graphics\Sprite.cpp" />
    <ClCompile Include="graphics\StructuredBuffer.cpp" />
    <ClCompile Include="graphics\Texture.cpp" />
    <ClCompile Include="graphics\VertexBuffer.cpp" />
    <ClCompile Include="kgEngine2.cpp" />
    <ClCompile Include="stdafx.cpp" />
    <ClCompile Include="graphics\animation\AnimationPlayController.cpp" />
    <ClCompile Include="graphics\animation\AnimationClip.cpp" />
    <ClCompile Include="graphics\animation\Animation.cpp" />
    <ClCompile Include="graphics\ModelRender.cpp" />
    <ClCompile Include="graphics\RenderTarget.cpp" />
    <ClCompile Include="graphics\PostEffect\PostEffect.cpp" />
    <ClCompile Include="graphics\PostEffect\Bloom.cpp" />
    <ClCompile Include="graphics\Primitive.cpp" />
    <ClCompile Include="graphics\shadow\ShadowMap.cpp" />
  </ItemGroup>
  <ItemGroup>
    <ClInclude Include="HID\GamePad.h" />
    <ClInclude Include="math\Math.h" />
    <ClInclude Include="math\Matrix.h" />
    <ClInclude Include="math\Vector.h" />
    <ClInclude Include="tkFile\TkaFile.h" />
    <ClInclude Include="tkFile\TkmFile.h" />
    <ClInclude Include="tkFile\TksFile.h" />
    <ClInclude Include="graphics\Camera.h" />
    <ClInclude Include="graphics\ConstantBuffer.h" />
    <ClInclude Include="graphics\d3dx12.h" />
    <ClInclude Include="graphics\DescriptorHeap.h" />
    <ClInclude Include="graphics\GraphicsEngine.h" />
    <ClInclude Include="graphics\DescriptorHeap_inline.h" />
    <ClInclude Include="graphics\IndexBuffer.h" />
    <ClInclude Include="graphics\IShaderResource.h" />
    <ClInclude Include="graphics\IUnorderAccessResource.h" />
    <ClInclude Include="graphics\Material.h" />
    <ClInclude Include="graphics\MeshParts.h" />
    <ClInclude Include="graphics\MiniEngine.h" />
    <ClInclude Include="graphics\Model.h" />
    <ClInclude Include="graphics\PipelineState.h" />
    <ClInclude Include="graphics\RenderContext.h" />
    <ClInclude Include="graphics\RenderContext_inline.h" />
    <ClInclude Include="graphics\RootSignature.h" />
    <ClInclude Include="graphics\RWStructuredBuffer.h" />
    <ClInclude Include="graphics\Shader.h" />
    <ClInclude Include="graphics\Skeleton.h" />
    <ClInclude Include="graphics\Sprite.h" />
    <ClInclude Include="graphics\StructuredBuffer.h" />
    <ClInclude Include="graphics\Texture.h" />
    <ClInclude Include="graphics\VertexBuffer.h" />
    <ClInclude Include="stdafx.h" />
    <ClInclude Include="kgEngine2.h" />
    <ClInclude Include="graphics\animation\AnimationPlayController.h" />
    <ClInclude Include="graphics\animation\AnimationClip.h" />
    <ClInclude Include="graphics\animation\Animation.h" />
    <ClInclude Include="graphics\ModelRender.h" />
    <ClInclude Include="graphics\RenderTarget.h" />
    <ClInclude Include="graphics\PostEffect\PostEffect.h" />
    <ClInclude Include="graphics\PostEffect\Bloom.h" />
    <ClInclude Include="graphics\Primitive.h" />
    <ClInclude Include="graphics\shadow\ShadowMap.h" />
    <ClInclude Include="graphics\RenderMode.h" />
  </ItemGroup>
</Project>